// !$*UTF8*$!
{
	archiveVersion = 1;
	classes = {
	};
	objectVersion = 46;
	objects = {

/* Begin PBXBuildFile section */
		744CA4EF1B17067E00F12EA6 /* main.m in Sources */ = {isa = PBXBuildFile; fileRef = 744CA4EE1B17067E00F12EA6 /* main.m */; };
		744CA4F21B17067E00F12EA6 /* AppDelegate.m in Sources */ = {isa = PBXBuildFile; fileRef = 744CA4F11B17067E00F12EA6 /* AppDelegate.m */; };
		744CA4F51B17067E00F12EA6 /* ViewController.m in Sources */ = {isa = PBXBuildFile; fileRef = 744CA4F41B17067E00F12EA6 /* ViewController.m */; };
		744CA4F81B17067E00F12EA6 /* Main.storyboard in Resources */ = {isa = PBXBuildFile; fileRef = 744CA4F61B17067E00F12EA6 /* Main.storyboard */; };
		744CA4FA1B17067E00F12EA6 /* Images.xcassets in Resources */ = {isa = PBXBuildFile; fileRef = 744CA4F91B17067E00F12EA6 /* Images.xcassets */; };
		744CA4FD1B17067E00F12EA6 /* LaunchScreen.xib in Resources */ = {isa = PBXBuildFile; fileRef = 744CA4FB1B17067E00F12EA6 /* LaunchScreen.xib */; };
		744CA5091B17067F00F12EA6 /* IOS____Tests.m in Sources */ = {isa = PBXBuildFile; fileRef = 744CA5081B17067F00F12EA6 /* IOS____Tests.m */; };
/* End PBXBuildFile section */

/* Begin PBXContainerItemProxy section */
		744CA5031B17067F00F12EA6 /* PBXContainerItemProxy */ = {
			isa = PBXContainerItemProxy;
			containerPortal = 744CA4E11B17067E00F12EA6 /* Project object */;
			proxyType = 1;
			remoteGlobalIDString = 744CA4E81B17067E00F12EA6;
			remoteInfo = "IOS官方例子";
		};
/* End PBXContainerItemProxy section */

/* Begin PBXFileReference section */
		744CA4E91B17067E00F12EA6 /* IOS官方例子.app */ = {isa = PBXFileReference; explicitFileType = wrapper.application; includeInIndex = 0; path = "IOS官方例子.app"; sourceTree = BUILT_PRODUCTS_DIR; };
		744CA4ED1B17067E00F12EA6 /* Info.plist */ = {isa = PBXFileReference; lastKnownFileType = text.plist.xml; path = Info.plist; sourceTree = "<group>"; };
		744CA4EE1B17067E00F12EA6 /* main.m */ = {isa = PBXFileReference; lastKnownFileType = sourcecode.c.objc; path = main.m; sourceTree = "<group>"; };
		744CA4F01B17067E00F12EA6 /* AppDelegate.h */ = {isa = PBXFileReference; lastKnownFileType = sourcecode.c.h; path = AppDelegate.h; sourceTree = "<group>"; };
		744CA4F11B17067E00F12EA6 /* AppDelegate.m */ = {isa = PBXFileReference; lastKnownFileType = sourcecode.c.objc; path = AppDelegate.m; sourceTree = "<group>"; };
		744CA4F31B17067E00F12EA6 /* ViewController.h */ = {isa = PBXFileReference; lastKnownFileType = sourcecode.c.h; path = ViewController.h; sourceTree = "<group>"; };
		744CA4F41B17067E00F12EA6 /* ViewController.m */ = {isa = PBXFileReference; lastKnownFileType = sourcecode.c.objc; path = ViewController.m; sourceTree = "<group>"; };
		744CA4F71B17067E00F12EA6 /* Base */ = {isa = PBXFileReference; lastKnownFileType = file.storyboard; name = Base; path = Base.lproj/Main.storyboard; sourceTree = "<group>"; };
		744CA4F91B17067E00F12EA6 /* Images.xcassets */ = {isa = PBXFileReference; lastKnownFileType = folder.assetcatalog; path = Images.xcassets; sourceTree = "<group>"; };
		744CA4FC1B17067E00F12EA6 /* Base */ = {isa = PBXFileReference; lastKnownFileType = file.xib; name = Base; path = Base.lproj/LaunchScreen.xib; sourceTree = "<group>"; };
		744CA5021B17067F00F12EA6 /* IOS官方例子Tests.xctest */ = {isa = PBXFileReference; explicitFileType = wrapper.cfbundle; includeInIndex = 0; path = "IOS官方例子Tests.xctest"; sourceTree = BUILT_PRODUCTS_DIR; };
		744CA5071B17067F00F12EA6 /* Info.plist */ = {isa = PBXFileReference; lastKnownFileType = text.plist.xml; path = Info.plist; sourceTree = "<group>"; };
		744CA5081B17067F00F12EA6 /* IOS____Tests.m */ = {isa = PBXFileReference; lastKnownFileType = sourcecode.c.objc; path = "IOS____Tests.m"; sourceTree = "<group>"; };
/* End PBXFileReference section */

/* Begin PBXFrameworksBuildPhase section */
		744CA4E61B17067E00F12EA6 /* Frameworks */ = {
			isa = PBXFrameworksBuildPhase;
			buildActionMask = 2147483647;
			files = (
			);
			runOnlyForDeploymentPostprocessing = 0;
		};
		744CA4FF1B17067F00F12EA6 /* Frameworks */ = {
			isa = PBXFrameworksBuildPhase;
			buildActionMask = 2147483647;
			files = (
			);
			runOnlyForDeploymentPostprocessing = 0;
		};
/* End PBXFrameworksBuildPhase section */

/* Begin PBXGroup section */
		744CA4E01B17067E00F12EA6 = {
			isa = PBXGroup;
			children = (
				744CA4EB1B17067E00F12EA6 /* IOS官方例子 */,
				744CA5051B17067F00F12EA6 /* IOS官方例子Tests */,
				744CA4EA1B17067E00F12EA6 /* Products */,
			);
			sourceTree = "<group>";
		};
		744CA4EA1B17067E00F12EA6 /* Products */ = {
			isa = PBXGroup;
			children = (
				744CA4E91B17067E00F12EA6 /* IOS官方例子.app */,
				744CA5021B17067F00F12EA6 /* IOS官方例子Tests.xctest */,
			);
			name = Products;
			sourceTree = "<group>";
		};
		744CA4EB1B17067E00F12EA6 /* IOS官方例子 */ = {
			isa = PBXGroup;
			children = (
				744CA4F01B17067E00F12EA6 /* AppDelegate.h */,
				744CA4F11B17067E00F12EA6 /* AppDelegate.m */,
				744CA4F31B17067E00F12EA6 /* ViewController.h */,
				744CA4F41B17067E00F12EA6 /* ViewController.m */,
				744CA4F61B17067E00F12EA6 /* Main.storyboard */,
				744CA4F91B17067E00F12EA6 /* Images.xcassets */,
				744CA4FB1B17067E00F12EA6 /* LaunchScreen.xib */,
				744CA4EC1B17067E00F12EA6 /* Supporting Files */,
			);
			path = "IOS官方例子";
			sourceTree = "<group>";
		};
		744CA4EC1B17067E00F12EA6 /* Supporting Files */ = {
			isa = PBXGroup;
			children = (
				744CA4ED1B17067E00F12EA6 /* Info.plist */,
				744CA4EE1B17067E00F12EA6 /* main.m */,
			);
			name = "Supporting Files";
			sourceTree = "<group>";
		};
		744CA5051B17067F00F12EA6 /* IOS官方例子Tests */ = {
			isa = PBXGroup;
			children = (
				744CA5081B17067F00F12EA6 /* IOS____Tests.m */,
				744CA5061B17067F00F12EA6 /* Supporting Files */,
			);
			path = "IOS官方例子Tests";
			sourceTree = "<group>";
		};
		744CA5061B17067F00F12EA6 /* Supporting Files */ = {
			isa = PBXGroup;
			children = (
				744CA5071B17067F00F12EA6 /* Info.plist */,
			);
			name = "Supporting Files";
			sourceTree = "<group>";
		};
/* End PBXGroup section */

/* Begin PBXNativeTarget section */
		744CA4E81B17067E00F12EA6 /* IOS官方例子 */ = {
			isa = PBXNativeTarget;
			buildConfigurationList = 744CA50C1B17067F00F12EA6 /* Build configuration list for PBXNativeTarget "IOS官方例子" */;
			buildPhases = (
				744CA4E51B17067E00F12EA6 /* Sources */,
				744CA4E61B17067E00F12EA6 /* Frameworks */,
				744CA4E71B17067E00F12EA6 /* Resources */,
			);
			buildRules = (
			);
			dependencies = (
			);
			name = "IOS官方例子";
			productName = "IOS官方例子";
			productReference = 744CA4E91B17067E00F12EA6 /* IOS官方例子.app */;
			productType = "com.apple.product-type.application";
		};
		744CA5011B17067F00F12EA6 /* IOS官方例子Tests */ = {
			isa = PBXNativeTarget;
			buildConfigurationList = 744CA50F1B17067F00F12EA6 /* Build configuration list for PBXNativeTarget "IOS官方例子Tests" */;
			buildPhases = (
				744CA4FE1B17067F00F12EA6 /* Sources */,
				744CA4FF1B17067F00F12EA6 /* Frameworks */,
				744CA5001B17067F00F12EA6 /* Resources */,
			);
			buildRules = (
			);
			dependencies = (
				744CA5041B17067F00F12EA6 /* PBXTargetDependency */,
			);
			name = "IOS官方例子Tests";
			productName = "IOS官方例子Tests";
			productReference = 744CA5021B17067F00F12EA6 /* IOS官方例子Tests.xctest */;
			productType = "com.apple.product-type.bundle.unit-test";
		};
/* End PBXNativeTarget section */

/* Begin PBXProject section */
		744CA4E11B17067E00F12EA6 /* Project object */ = {
			isa = PBXProject;
			attributes = {
				LastUpgradeCheck = 0630;
				ORGANIZATIONNAME = chen;
				TargetAttributes = {
					744CA4E81B17067E00F12EA6 = {
						CreatedOnToolsVersion = 6.3.1;
					};
					744CA5011B17067F00F12EA6 = {
						CreatedOnToolsVersion = 6.3.1;
						TestTargetID = 744CA4E81B17067E00F12EA6;
					};
				};
			};
			buildConfigurationList = 744CA4E41B17067E00F12EA6 /* Build configuration list for PBXProject "IOS官方例子" */;
			compatibilityVersion = "Xcode 3.2";
			developmentRegion = English;
			hasScannedForEncodings = 0;
			knownRegions = (
				en,
				Base,
			);
			mainGroup = 744CA4E01B17067E00F12EA6;
			productRefGroup = 744CA4EA1B17067E00F12EA6 /* Products */;
			projectDirPath = "";
			projectRoot = "";
			targets = (
				744CA4E81B17067E00F12EA6 /* IOS官方例子 */,
				744CA5011B17067F00F12EA6 /* IOS官方例子Tests */,
			);
		};
/* End PBXProject section */

/* Begin PBXResourcesBuildPhase section */
		744CA4E71B17067E00F12EA6 /* Resources */ = {
			isa = PBXResourcesBuildPhase;
			buildActionMask = 2147483647;
			files = (
				744CA4F81B17067E00F12EA6 /* Main.storyboard in Resources */,
				744CA4FD1B17067E00F12EA6 /* LaunchScreen.xib in Resources */,
				744CA4FA1B17067E00F12EA6 /* Images.xcassets in Resources */,
			);
			runOnlyForDeploymentPostprocessing = 0;
		};
		744CA5001B17067F00F12EA6 /* Resources */ = {
			isa = PBXResourcesBuildPhase;
			buildActionMask = 2147483647;
			files = (
			);
			runOnlyForDeploymentPostprocessing = 0;
		};
/* End PBXResourcesBuildPhase section */

/* Begin PBXSourcesBuildPhase section */
		744CA4E51B17067E00F12EA6 /* Sources */ = {
			isa = PBXSourcesBuildPhase;
			buildActionMask = 2147483647;
			files = (
				744CA4F51B17067E00F12EA6 /* ViewController.m in Sources */,
				744CA4F21B17067E00F12EA6 /* AppDelegate.m in Sources */,
				744CA4EF1B17067E00F12EA6 /* main.m in Sources */,
			);
			runOnlyForDeploymentPostprocessing = 0;
		};
		744CA4FE1B17067F00F12EA6 /* Sources */ = {
			isa = PBXSourcesBuildPhase;
			buildActionMask = 2147483647;
			files = (
				744CA5091B17067F00F12EA6 /* IOS____Tests.m in Sources */,
			);
			runOnlyForDeploymentPostprocessing = 0;
		};
/* End PBXSourcesBuildPhase section */

/* Begin PBXTargetDependency section */
		744CA5041B17067F00F12EA6 /* PBXTargetDependency */ = {
			isa = PBXTargetDependency;
			target = 744CA4E81B17067E00F12EA6 /* IOS官方例子 */;
			targetProxy = 744CA5031B17067F00F12EA6 /* PBXContainerItemProxy */;
		};
/* End PBXTargetDependency section */

/* Begin PBXVariantGroup section */
		744CA4F61B17067E00F12EA6 /* Main.storyboard */ = {
			isa = PBXVariantGroup;
			children = (
				744CA4F71B17067E00F12EA6 /* Base */,
			);
			name = Main.storyboard;
			sourceTree = "<group>";
		};
		744CA4FB1B17067E00F12EA6 /* LaunchScreen.xib */ = {
			isa = PBXVariantGroup;
			children = (
				744CA4FC1B17067E00F12EA6 /* Base */,
			);
			name = LaunchScreen.xib;
			sourceTree = "<group>";
		};
/* End PBXVariantGroup section */

/* Begin XCBuildConfiguration section */
		744CA50A1B17067F00F12EA6 /* Debug */ = {
			isa = XCBuildConfiguration;
			buildSettings = {
				ALWAYS_SEARCH_USER_PATHS = NO;
				CLANG_CXX_LANGUAGE_STANDARD = "gnu++0x";
				CLANG_CXX_LIBRARY = "libc++";
				CLANG_ENABLE_MODULES = YES;
				CLANG_ENABLE_OBJC_ARC = YES;
				CLANG_WARN_BOOL_CONVERSION = YES;
				CLANG_WARN_CONSTANT_CONVERSION = YES;
				CLANG_WARN_DIRECT_OBJC_ISA_USAGE = YES_ERROR;
				CLANG_WARN_EMPTY_BODY = YES;
				CLANG_WARN_ENUM_CONVERSION = YES;
				CLANG_WARN_INT_CONVERSION = YES;
				CLANG_WARN_OBJC_ROOT_CLASS = YES_ERROR;
				CLANG_WARN_UNREACHABLE_CODE = YES;
				CLANG_WARN__DUPLICATE_METHOD_MATCH = YES;
				"CODE_SIGN_IDENTITY[sdk=iphoneos*]" = "iPhone Developer";
				COPY_PHASE_STRIP = NO;
				DEBUG_INFORMATION_FORMAT = "dwarf-with-dsym";
				ENABLE_STRICT_OBJC_MSGSEND = YES;
				GCC_C_LANGUAGE_STANDARD = gnu99;
				GCC_DYNAMIC_NO_PIC = NO;
				GCC_NO_COMMON_BLOCKS = YES;
				GCC_OPTIMIZATION_LEVEL = 0;
				GCC_PREPROCESSOR_DEFINITIONS = (
					"DEBUG=1",
					"$(inherited)",
				);
				GCC_SYMBOLS_PRIVATE_EXTERN = NO;
				GCC_WARN_64_TO_32_BIT_CONVERSION = YES;
				GCC_WARN_ABOUT_RETURN_TYPE = YES_ERROR;
				GCC_WARN_UNDECLARED_SELECTOR = YES;
				GCC_WARN_UNINITIALIZED_AUTOS = YES_AGGRESSIVE;
				GCC_WARN_UNUSED_FUNCTION = YES;
				GCC_WARN_UNUSED_VARIABLE = YES;
				IPHONEOS_DEPLOYMENT_TARGET = 8.3;
				MTL_ENABLE_DEBUG_INFO = YES;
				ONLY_ACTIVE_ARCH = YES;
				SDKROOT = iphoneos;
			};
			name = Debug;
		};
		744CA50B1B17067F00F12EA6 /* Release */ = {
			isa = XCBuildConfiguration;
			buildSettings = {
				ALWAYS_SEARCH_USER_PATHS = NO;
				CLANG_CXX_LANGUAGE_STANDARD = "gnu++0x";
				CLANG_CXX_LIBRARY = "libc++";
				CLANG_ENABLE_MODULES = YES;
				CLANG_ENABLE_OBJC_ARC = YES;
				CLANG_WARN_BOOL_CONVERSION = YES;
				CLANG_WARN_CONSTANT_CONVERSION = YES;
				CLANG_WARN_DIRECT_OBJC_ISA_USAGE = YES_ERROR;
				CLANG_WARN_EMPTY_BODY = YES;
				CLANG_WARN_ENUM_CONVERSION = YES;
				CLANG_WARN_INT_CONVERSION = YES;
				CLANG_WARN_OBJC_ROOT_CLASS = YES_ERROR;
				CLANG_WARN_UNREACHABLE_CODE = YES;
				CLANG_WARN__DUPLICATE_METHOD_MATCH = YES;
				"CODE_SIGN_IDENTITY[sdk=iphoneos*]" = "iPhone Developer";
				COPY_PHASE_STRIP = NO;
				DEBUG_INFORMATION_FORMAT = "dwarf-with-dsym";
				ENABLE_NS_ASSERTIONS = NO;
				ENABLE_STRICT_OBJC_MSGSEND = YES;
				GCC_C_LANGUAGE_STANDARD = gnu99;
				GCC_NO_COMMON_BLOCKS = YES;
				GCC_WARN_64_TO_32_BIT_CONVERSION = YES;
				GCC_WARN_ABOUT_RETURN_TYPE = YES_ERROR;
				GCC_WARN_UNDECLARED_SELECTOR = YES;
				GCC_WARN_UNINITIALIZED_AUTOS = YES_AGGRESSIVE;
				GCC_WARN_UNUSED_FUNCTION = YES;
				GCC_WARN_UNUSED_VARIABLE = YES;
				IPHONEOS_DEPLOYMENT_TARGET = 8.3;
				MTL_ENABLE_DEBUG_INFO = NO;
				SDKROOT = iphoneos;
				VALIDATE_PRODUCT = YES;
			};
			name = Release;
		};
		744CA50D1B17067F00F12EA6 /* Debug */ = {
			isa = XCBuildConfiguration;
			buildSettings = {
				ASSETCATALOG_COMPILER_APPICON_NAME = AppIcon;
				INFOPLIST_FILE = "IOS官方例子/Info.plist";
				LD_RUNPATH_SEARCH_PATHS = "$(inherited) @executable_path/Frameworks";
				PRODUCT_NAME = "$(TARGET_NAME)";
			};
			name = Debug;
		};
		744CA50E1B17067F00F12EA6 /* Release */ = {
			isa = XCBuildConfiguration;
			buildSettings = {
				ASSETCATALOG_COMPILER_APPICON_NAME = AppIcon;
				INFOPLIST_FILE = "IOS官方例子/Info.plist";
				LD_RUNPATH_SEARCH_PATHS = "$(inherited) @executable_path/Frameworks";
				PRODUCT_NAME = "$(TARGET_NAME)";
			};
			name = Release;
		};
		744CA5101B17067F00F12EA6 /* Debug */ = {
			isa = XCBuildConfiguration;
			buildSettings = {
				BUNDLE_LOADER = "$(TEST_HOST)";
				FRAMEWORK_SEARCH_PATHS = (
					"$(SDKROOT)/Developer/Library/Frameworks",
					"$(inherited)",
				);
				GCC_PREPROCESSOR_DEFINITIONS = (
					"DEBUG=1",
					"$(inherited)",
				);
				INFOPLIST_FILE = "IOS官方例子Tests/Info.plist";
				LD_RUNPATH_SEARCH_PATHS = "$(inherited) @executable_path/Frameworks @loader_path/Frameworks";
				PRODUCT_NAME = "$(TARGET_NAME)";
				TEST_HOST = "$(BUILT_PRODUCTS_DIR)/IOS官方例子.app/IOS官方例子";
			};
			name = Debug;
		};
		744CA5111B17067F00F12EA6 /* Release */ = {
			isa = XCBuildConfiguration;
			buildSettings = {
				BUNDLE_LOADER = "$(TEST_HOST)";
				FRAMEWORK_SEARCH_PATHS = (
					"$(SDKROOT)/Developer/Library/Frameworks",
					"$(inherited)",
				);
				INFOPLIST_FILE = "IOS官方例子Tests/Info.plist";
				LD_RUNPATH_SEARCH_PATHS = "$(inherited) @executable_path/Frameworks @loader_path/Frameworks";
				PRODUCT_NAME = "$(TARGET_NAME)";
				TEST_HOST = "$(BUILT_PRODUCTS_DIR)/IOS官方例子.app/IOS官方例子";
			};
			name = Release;
		};
/* End XCBuildConfiguration section */

/* Begin XCConfigurationList section */
		744CA4E41B17067E00F12EA6 /* Build configuration list for PBXProject "IOS官方例子" */ = {
			isa = XCConfigurationList;
			buildConfigurations = (
				744CA50A1B17067F00F12EA6 /* Debug */,
				744CA50B1B17067F00F12EA6 /* Release */,
			);
			defaultConfigurationIsVisible = 0;
			defaultConfigurationName = Release;
		};
		744CA50C1B17067F00F12EA6 /* Build configuration list for PBXNativeTarget "IOS官方例子" */ = {
			isa = XCConfigurationList;
			buildConfigurations = (
				744CA50D1B17067F00F12EA6 /* Debug */,
				744CA50E1B17067F00F12EA6 /* Release */,
			);
			defaultConfigurationIsVisible = 0;
		};
		744CA50F1B17067F00F12EA6 /* Build configuration list for PBXNativeTarget "IOS官方例子Tests" */ = {
			isa = XCConfigurationList;
			buildConfigurations = (
				744CA5101B17067F00F12EA6 /* Debug */,
				744CA5111B17067F00F12EA6 /* Release */,
			);
			defaultConfigurationIsVisible = 0;
		};
/* End XCConfigurationList section */
	};
	rootObject = 744CA4E11B17067E00F12EA6 /* Project object */;
}
